
Microsoft Visual Studio Solution File, Format Version 12.00
# Visual Studio Version 17
VisualStudioVersion = 17.7.34031.279
MinimumVisualStudioVersion = 10.0.40219.1
Project("{FAE04EC0-301F-11D3-BF4B-00C04F79EFBC}") = "GestorDeArchivos", "GestorDeArchivos\GestorDeArchivos.csproj", "{0DF8F3CE-5583-43A3-9565-9B3D3B99CF63}"
EndProject
Global
	GlobalSection(SolutionConfigurationPlatforms) = preSolution
		Debug|Any CPU = Debug|Any CPU
		Release|Any CPU = Release|Any CPU
	EndGlobalSection
	GlobalSection(ProjectConfigurationPlatforms) = postSolution
		{0DF8F3CE-5583-43A3-9565-9B3D3B99CF63}.Debug|Any CPU.ActiveCfg = Debug|Any CPU
		{0DF8F3CE-5583-43A3-9565-9B3D3B99CF63}.Debug|Any CPU.Build.0 = Debug|Any CPU
		{0DF8F3CE-5583-43A3-9565-9B3D3B99CF63}.Release|Any CPU.ActiveCfg = Release|Any CPU
		{0DF8F3CE-5583-43A3-9565-9B3D3B99CF63}.Release|Any CPU.Build.0 = Release|Any CPU
	EndGlobalSection
	GlobalSection(SolutionProperties) = preSolution
		HideSolutionNode = FALSE
	EndGlobalSection
	GlobalSection(ExtensibilityGlobals) = postSolution
		SolutionGuid = {A67B25FA-C669-4F7A-9293-7656C7B3EFA7}
	EndGlobalSection
EndGlobal
