
Microsoft Visual Studio Solution File, Format Version 12.00
# Visual Studio Version 17
VisualStudioVersion = 17.7.34031.279
MinimumVisualStudioVersion = 10.0.40219.1
Project("{FAE04EC0-301F-11D3-BF4B-00C04F79EFBC}") = "GestorDeTareas", "GestorDeTareas\GestorDeTareas.csproj", "{45174531-DC12-4F4C-85BF-A1989C831289}"
EndProject
Global
	GlobalSection(SolutionConfigurationPlatforms) = preSolution
		Debug|Any CPU = Debug|Any CPU
		Release|Any CPU = Release|Any CPU
	EndGlobalSection
	GlobalSection(ProjectConfigurationPlatforms) = postSolution
		{45174531-DC12-4F4C-85BF-A1989C831289}.Debug|Any CPU.ActiveCfg = Debug|Any CPU
		{45174531-DC12-4F4C-85BF-A1989C831289}.Debug|Any CPU.Build.0 = Debug|Any CPU
		{45174531-DC12-4F4C-85BF-A1989C831289}.Release|Any CPU.ActiveCfg = Release|Any CPU
		{45174531-DC12-4F4C-85BF-A1989C831289}.Release|Any CPU.Build.0 = Release|Any CPU
	EndGlobalSection
	GlobalSection(SolutionProperties) = preSolution
		HideSolutionNode = FALSE
	EndGlobalSection
	GlobalSection(ExtensibilityGlobals) = postSolution
		SolutionGuid = {6FA43DB5-80DE-4934-8B66-AAB4924BDA03}
	EndGlobalSection
EndGlobal
